{
  "name": "crypto-testing",
  "version": "0.0.0",
  "lockfileVersion": 3,
  "requires": true,
  "packages": {
    "": {
      "name": "crypto-testing",
      "version": "0.0.0",
      "license": "UNLICENSED",
      "dependencies": {
        "@richardpickett/config-js": "^0.0.2",
        "@richardpickett/logger": "^0.1.3",
        "aes256": "^1.1.0",
        "commander": "^11.0.0",
        "uuid": "^9.0.1"
      }
    },
    "node_modules/@richardpickett/config-js": {
      "version": "0.0.2",
      "resolved": "https://registry.npmjs.org/@richardpickett/config-js/-/config-js-0.0.2.tgz",
      "integrity": "sha512-9Bp8dEXOBoatHzhnOC5rZOgF0/0R8xsN5/IehwxGy79rn66vBJzWweEkygPotefzEsmkhDJ+Dyf3v3qxplXXzA==",
      "dependencies": {
        "dotenv-flow": "^3.2.0",
        "typescript": "^5.1.6"
      }
    },
    "node_modules/@richardpickett/logger": {
      "version": "0.1.3",
      "resolved": "https://registry.npmjs.org/@richardpickett/logger/-/logger-0.1.3.tgz",
      "integrity": "sha512-WhpQM3do5Zy9ne+zf+AbeUmawsrASEO7fAuyOBXh/PjqiCZDODRHd8zRrvwQWkTIzNhU+xApcVIGu7vB6vXZlw==",
      "dependencies": {
        "typescript": "^5.0.4"
      }
    },
    "node_modules/aes256": {
      "version": "1.1.0",
      "resolved": "https://registry.npmjs.org/aes256/-/aes256-1.1.0.tgz",
      "integrity": "sha512-JfjTA5HEpvnn4lX9lsfgPMiV6HYqefRmvUj5MScIUeaRCbWEIT8URNpKA9ddY9iWl+Ye9oUHrdusO1cDmS/tEQ=="
    },
    "node_modules/commander": {
      "version": "11.0.0",
      "resolved": "https://registry.npmjs.org/commander/-/commander-11.0.0.tgz",
      "integrity": "sha512-9HMlXtt/BNoYr8ooyjjNRdIilOTkVJXB+GhxMTtOKwk0R4j4lS4NpjuqmRxroBfnfTSHQIHQB7wryHhXarNjmQ==",
      "engines": {
        "node": ">=16"
      }
    },
    "node_modules/dotenv": {
      "version": "8.6.0",
      "resolved": "https://registry.npmjs.org/dotenv/-/dotenv-8.6.0.tgz",
      "integrity": "sha512-IrPdXQsk2BbzvCBGBOTmmSH5SodmqZNt4ERAZDmW4CT+tL8VtvinqywuANaFu4bOMWki16nqf0e4oC0QIaDr/g==",
      "engines": {
        "node": ">=10"
      }
    },
    "node_modules/dotenv-flow": {
      "version": "3.3.0",
      "resolved": "https://registry.npmjs.org/dotenv-flow/-/dotenv-flow-3.3.0.tgz",
      "integrity": "sha512-GLSvRqDZ1TGhloS6ZCZ5chdqqv/3XMqZxAnX9rliJiHn6uyJLguKeu+3M2kcagBkoVCnLWYfbR4rfFe1xSU39A==",
      "dependencies": {
        "dotenv": "^8.6.0"
      },
      "engines": {
        "node": ">= 8.0.0"
      }
    },
    "node_modules/typescript": {
      "version": "5.2.2",
      "resolved": "https://registry.npmjs.org/typescript/-/typescript-5.2.2.tgz",
      "integrity": "sha512-mI4WrpHsbCIcwT9cF4FZvr80QUeKvsUsUvKDoR+X/7XHQH98xYD8YHZg7ANtz2GtZt/CBq2QJ0thkGJMHfqc1w==",
      "bin": {
        "tsc": "bin/tsc",
        "tsserver": "bin/tsserver"
      },
      "engines": {
        "node": ">=14.17"
      }
    },
    "node_modules/uuid": {
      "version": "9.0.1",
      "resolved": "https://registry.npmjs.org/uuid/-/uuid-9.0.1.tgz",
      "integrity": "sha512-b+1eJOlsR9K8HJpow9Ok3fiWOWSIcIzXodvv0rQjVoOVNpWMpxf1wZNpt4y9h10odCNrqnYp1OBzRktckBe3sA==",
      "funding": [
        "https://github.com/sponsors/broofa",
        "https://github.com/sponsors/ctavan"
      ],
      "bin": {
        "uuid": "dist/bin/uuid"
      }
    }
  }
}
